
Microsoft Visual Studio Solution File, Format Version 12.00
# Visual Studio Version 17
VisualStudioVersion = 17.5.002.0
MinimumVisualStudioVersion = 10.0.40219.1
Project("{9A19103F-16F7-4668-BE54-9A1E7A4F7556}") = "WebApiProjeto", "WebApiProjeto.csproj", "{7814FC14-56E5-414E-AAA9-93699CB7FF9F}"
EndProject
Global
	GlobalSection(SolutionConfigurationPlatforms) = preSolution
		Debug|Any CPU = Debug|Any CPU
		Release|Any CPU = Release|Any CPU
	EndGlobalSection
	GlobalSection(ProjectConfigurationPlatforms) = postSolution
		{7814FC14-56E5-414E-AAA9-93699CB7FF9F}.Debug|Any CPU.ActiveCfg = Debug|Any CPU
		{7814FC14-56E5-414E-AAA9-93699CB7FF9F}.Debug|Any CPU.Build.0 = Debug|Any CPU
		{7814FC14-56E5-414E-AAA9-93699CB7FF9F}.Release|Any CPU.ActiveCfg = Release|Any CPU
		{7814FC14-56E5-414E-AAA9-93699CB7FF9F}.Release|Any CPU.Build.0 = Release|Any CPU
	EndGlobalSection
	GlobalSection(SolutionProperties) = preSolution
		HideSolutionNode = FALSE
	EndGlobalSection
	GlobalSection(ExtensibilityGlobals) = postSolution
		SolutionGuid = {12801252-2470-43CA-A68F-362C9AA5827C}
	EndGlobalSection
EndGlobal
